
Microsoft Visual Studio Solution File, Format Version 12.00
# Visual Studio Version 17
VisualStudioVersion = 17.10.35013.160
MinimumVisualStudioVersion = 10.0.40219.1
Project("{9A19103F-16F7-4668-BE54-9A1E7A4F7556}") = "P01_SalesDatabase", "P01_SalesDatabase.csproj", "{38BE2393-D606-401B-8D32-2B227B793F4A}"
EndProject
Global
	GlobalSection(SolutionConfigurationPlatforms) = preSolution
		Debug|Any CPU = Debug|Any CPU
		Release|Any CPU = Release|Any CPU
	EndGlobalSection
	GlobalSection(ProjectConfigurationPlatforms) = postSolution
		{38BE2393-D606-401B-8D32-2B227B793F4A}.Debug|Any CPU.ActiveCfg = Debug|Any CPU
		{38BE2393-D606-401B-8D32-2B227B793F4A}.Debug|Any CPU.Build.0 = Debug|Any CPU
		{38BE2393-D606-401B-8D32-2B227B793F4A}.Release|Any CPU.ActiveCfg = Release|Any CPU
		{38BE2393-D606-401B-8D32-2B227B793F4A}.Release|Any CPU.Build.0 = Release|Any CPU
	EndGlobalSection
	GlobalSection(SolutionProperties) = preSolution
		HideSolutionNode = FALSE
	EndGlobalSection
	GlobalSection(ExtensibilityGlobals) = postSolution
		SolutionGuid = {EC91A762-8AB9-4827-9138-C467805F66CC}
	EndGlobalSection
EndGlobal
